
Microsoft Visual Studio Solution File, Format Version 12.00
# Visual Studio Version 16
VisualStudioVersion = 16.0.29324.140
MinimumVisualStudioVersion = 10.0.40219.1
Project("{9A19103F-16F7-4668-BE54-9A1E7A4F7556}") = "CoreShopUms", "Src\CoreShopUms\CoreShopUms.csproj", "{AD4E2139-EBC3-47D4-A6B4-FFBCAF7660FA}"
EndProject
Project("{9A19103F-16F7-4668-BE54-9A1E7A4F7556}") = "EventBus", "Src\EventBus\EventBus.csproj", "{A2202493-0518-4823-9E3F-A726561FB270}"
EndProject
Project("{2150E333-8FDC-42A3-9474-1A3956D46DE8}") = "Ums", "Ums", "{51549282-D593-4E8A-83DC-6D0E60CF5F02}"
EndProject
Project("{2150E333-8FDC-42A3-9474-1A3956D46DE8}") = "Solution Items", "Solution Items", "{7C18591C-BAC4-42BD-856A-45D854EBE459}"
	ProjectSection(SolutionItems) = preProject
		.editorconfig = .editorconfig
		docker-compose.yml = docker-compose.yml
		DockerCmd.txt = DockerCmd.txt
	EndProjectSection
EndProject
Project("{2150E333-8FDC-42A3-9474-1A3956D46DE8}") = "Ordering", "Ordering", "{21DA0163-39DE-4729-BA70-77F33083D83E}"
EndProject
Project("{9A19103F-16F7-4668-BE54-9A1E7A4F7556}") = "Ordering.Domain", "Ordering.Domain\Ordering.Domain.csproj", "{9FEE8BA0-8483-425F-B551-6AD2757E91CC}"
EndProject
Project("{9A19103F-16F7-4668-BE54-9A1E7A4F7556}") = "Ordering.Service", "Ordering.Service\Ordering.Service.csproj", "{D3EF7F35-3DE3-471B-9D0C-27E5FCFE856B}"
EndProject
Project("{9A19103F-16F7-4668-BE54-9A1E7A4F7556}") = "Ordering.Infrastructure", "Ordering.Infrastructure\Ordering.Infrastructure.csproj", "{7E0F4947-BBB5-4FCE-A07C-ACE5CB76C60C}"
EndProject
Project("{9A19103F-16F7-4668-BE54-9A1E7A4F7556}") = "Ordering.Application", "Ordering.Application\Ordering.Application.csproj", "{0C8503D3-6C85-4D0C-A9C9-F646CDA188D1}"
EndProject
Project("{9A19103F-16F7-4668-BE54-9A1E7A4F7556}") = "ApolloTest", "ApolloTest\ApolloTest.csproj", "{619C6575-5290-4CD2-8340-9AD1666C1562}"
EndProject
Global
	GlobalSection(SolutionConfigurationPlatforms) = preSolution
		Debug|Any CPU = Debug|Any CPU
		Release|Any CPU = Release|Any CPU
	EndGlobalSection
	GlobalSection(ProjectConfigurationPlatforms) = postSolution
		{AD4E2139-EBC3-47D4-A6B4-FFBCAF7660FA}.Debug|Any CPU.ActiveCfg = Debug|Any CPU
		{AD4E2139-EBC3-47D4-A6B4-FFBCAF7660FA}.Debug|Any CPU.Build.0 = Debug|Any CPU
		{AD4E2139-EBC3-47D4-A6B4-FFBCAF7660FA}.Release|Any CPU.ActiveCfg = Release|Any CPU
		{AD4E2139-EBC3-47D4-A6B4-FFBCAF7660FA}.Release|Any CPU.Build.0 = Release|Any CPU
		{A2202493-0518-4823-9E3F-A726561FB270}.Debug|Any CPU.ActiveCfg = Debug|Any CPU
		{A2202493-0518-4823-9E3F-A726561FB270}.Debug|Any CPU.Build.0 = Debug|Any CPU
		{A2202493-0518-4823-9E3F-A726561FB270}.Release|Any CPU.ActiveCfg = Release|Any CPU
		{A2202493-0518-4823-9E3F-A726561FB270}.Release|Any CPU.Build.0 = Release|Any CPU
		{9FEE8BA0-8483-425F-B551-6AD2757E91CC}.Debug|Any CPU.ActiveCfg = Debug|Any CPU
		{9FEE8BA0-8483-425F-B551-6AD2757E91CC}.Debug|Any CPU.Build.0 = Debug|Any CPU
		{9FEE8BA0-8483-425F-B551-6AD2757E91CC}.Release|Any CPU.ActiveCfg = Release|Any CPU
		{9FEE8BA0-8483-425F-B551-6AD2757E91CC}.Release|Any CPU.Build.0 = Release|Any CPU
		{D3EF7F35-3DE3-471B-9D0C-27E5FCFE856B}.Debug|Any CPU.ActiveCfg = Debug|Any CPU
		{D3EF7F35-3DE3-471B-9D0C-27E5FCFE856B}.Debug|Any CPU.Build.0 = Debug|Any CPU
		{D3EF7F35-3DE3-471B-9D0C-27E5FCFE856B}.Release|Any CPU.ActiveCfg = Release|Any CPU
		{D3EF7F35-3DE3-471B-9D0C-27E5FCFE856B}.Release|Any CPU.Build.0 = Release|Any CPU
		{7E0F4947-BBB5-4FCE-A07C-ACE5CB76C60C}.Debug|Any CPU.ActiveCfg = Debug|Any CPU
		{7E0F4947-BBB5-4FCE-A07C-ACE5CB76C60C}.Debug|Any CPU.Build.0 = Debug|Any CPU
		{7E0F4947-BBB5-4FCE-A07C-ACE5CB76C60C}.Release|Any CPU.ActiveCfg = Release|Any CPU
		{7E0F4947-BBB5-4FCE-A07C-ACE5CB76C60C}.Release|Any CPU.Build.0 = Release|Any CPU
		{0C8503D3-6C85-4D0C-A9C9-F646CDA188D1}.Debug|Any CPU.ActiveCfg = Debug|Any CPU
		{0C8503D3-6C85-4D0C-A9C9-F646CDA188D1}.Debug|Any CPU.Build.0 = Debug|Any CPU
		{0C8503D3-6C85-4D0C-A9C9-F646CDA188D1}.Release|Any CPU.ActiveCfg = Release|Any CPU
		{0C8503D3-6C85-4D0C-A9C9-F646CDA188D1}.Release|Any CPU.Build.0 = Release|Any CPU
		{619C6575-5290-4CD2-8340-9AD1666C1562}.Debug|Any CPU.ActiveCfg = Debug|Any CPU
		{619C6575-5290-4CD2-8340-9AD1666C1562}.Debug|Any CPU.Build.0 = Debug|Any CPU
		{619C6575-5290-4CD2-8340-9AD1666C1562}.Release|Any CPU.ActiveCfg = Release|Any CPU
		{619C6575-5290-4CD2-8340-9AD1666C1562}.Release|Any CPU.Build.0 = Release|Any CPU
	EndGlobalSection
	GlobalSection(SolutionProperties) = preSolution
		HideSolutionNode = FALSE
	EndGlobalSection
	GlobalSection(NestedProjects) = preSolution
		{AD4E2139-EBC3-47D4-A6B4-FFBCAF7660FA} = {51549282-D593-4E8A-83DC-6D0E60CF5F02}
		{9FEE8BA0-8483-425F-B551-6AD2757E91CC} = {21DA0163-39DE-4729-BA70-77F33083D83E}
		{D3EF7F35-3DE3-471B-9D0C-27E5FCFE856B} = {21DA0163-39DE-4729-BA70-77F33083D83E}
		{7E0F4947-BBB5-4FCE-A07C-ACE5CB76C60C} = {21DA0163-39DE-4729-BA70-77F33083D83E}
		{0C8503D3-6C85-4D0C-A9C9-F646CDA188D1} = {21DA0163-39DE-4729-BA70-77F33083D83E}
	EndGlobalSection
	GlobalSection(ExtensibilityGlobals) = postSolution
		SolutionGuid = {EF22480F-C617-4099-A92F-0560F64E85BA}
	EndGlobalSection
EndGlobal
